
Microsoft Visual Studio Solution File, Format Version 12.00
# Visual Studio Version 16
VisualStudioVersion = 16.0.28803.352
MinimumVisualStudioVersion = 10.0.40219.1
Project("{FAE04EC0-301F-11D3-BF4B-00C04F79EFBC}") = "Wingman", "Wingman\Wingman.csproj", "{2BFBC4A3-34A2-4549-A58F-DCDB487B5097}"
EndProject
Project("{FAE04EC0-301F-11D3-BF4B-00C04F79EFBC}") = "Wingman.Tests", "Wingman.Tests\Wingman.Tests.csproj", "{2A458BDC-F4EB-4AC9-A2E4-8006CF75DB12}"
EndProject
Global
	GlobalSection(SolutionConfigurationPlatforms) = preSolution
		Debug|Any CPU = Debug|Any CPU
		Release|Any CPU = Release|Any CPU
	EndGlobalSection
	GlobalSection(ProjectConfigurationPlatforms) = postSolution
		{2BFBC4A3-34A2-4549-A58F-DCDB487B5097}.Debug|Any CPU.ActiveCfg = Debug|Any CPU
		{2BFBC4A3-34A2-4549-A58F-DCDB487B5097}.Debug|Any CPU.Build.0 = Debug|Any CPU
		{2BFBC4A3-34A2-4549-A58F-DCDB487B5097}.Release|Any CPU.ActiveCfg = Release|Any CPU
		{2BFBC4A3-34A2-4549-A58F-DCDB487B5097}.Release|Any CPU.Build.0 = Release|Any CPU
		{2A458BDC-F4EB-4AC9-A2E4-8006CF75DB12}.Debug|Any CPU.ActiveCfg = Debug|Any CPU
		{2A458BDC-F4EB-4AC9-A2E4-8006CF75DB12}.Debug|Any CPU.Build.0 = Debug|Any CPU
		{2A458BDC-F4EB-4AC9-A2E4-8006CF75DB12}.Release|Any CPU.ActiveCfg = Release|Any CPU
		{2A458BDC-F4EB-4AC9-A2E4-8006CF75DB12}.Release|Any CPU.Build.0 = Release|Any CPU
	EndGlobalSection
	GlobalSection(SolutionProperties) = preSolution
		HideSolutionNode = FALSE
	EndGlobalSection
	GlobalSection(ExtensibilityGlobals) = postSolution
		SolutionGuid = {D701F2E1-5911-4D83-A01A-A6BED7B60EE6}
	EndGlobalSection
EndGlobal
